<?xml version="1.0" encoding="UTF-8" standalone="yes" ?>
<CodeBlocks_project_file>
	<FileVersion major="1" minor="6" />
	<Project>
		<Option title="cave-v1" />
		<Option pch_mode="2" />
		<Option compiler="gcc" />
		<Build>
			<Target title="Debug">
				<Option output="bin/Debug/octetos-cave" prefix_auto="1" extension_auto="1" />
				<Option object_output="bin/obj/Debug/" />
				<Option type="1" />
				<Option compiler="gcc" />
				<Compiler>
					<Add option="-g `pkg-config cunit --cflags`" />
					<Add option="-DOCTEOTOS_CAVE_V1_TDD" />
					<Add option="-DOCTEOTOS_CAVE_TESTS_MMSQL_PORT=3306" />
					<Add option="-DOCTEOTOS_CAVE_DRIVER_MMSQL" />
				</Compiler>
				<Linker>
					<Add option="`pkg-config cunit --libs` `pkg-config --libs libmariadb`" />
				</Linker>
			</Target>
			<Target title="Release">
				<Option output="bin/Release/octetos-cave" prefix_auto="1" extension_auto="1" />
				<Option object_output="bin/obj/Release/" />
				<Option type="1" />
				<Option compiler="gcc" />
				<Compiler>
					<Add option="-O2 `pkg-config cunit --cflags`" />
					<Add option="-DOCTEOTOS_CAVE_V1_TDD" />
					<Add option="-DOCTEOTOS_CAVE_TESTS_MMSQL_PORT=3306" />
				</Compiler>
				<Linker>
					<Add option="`pkg-config cunit --libs` `pkg-config --libs libmariadb`" />
				</Linker>
			</Target>
			<Target title="testing-v1">
				<Option output="bin/Debug/tesint-v1" prefix_auto="1" extension_auto="1" />
				<Option object_output="bin/obj/Debug/" />
				<Option type="1" />
				<Option compiler="gcc" />
				<Compiler>
					<Add option="`pkg-config --cflags cunit`" />
					<Add option="-DOCTEOTOS_CAVE_V1_TDD" />
					<Add option="-DOCTEOTOS_CAVE_TESTS_MMSQL_PORT=3306" />
					<Add option="-DOCTEOTOS_CAVE_DRIVER_MMSQL" />
				</Compiler>
				<Linker>
					<Add option="`pkg-config cunit  --libs` `pkg-config --libs libmariadb`" />
					<Add directory="../core/bin/Debug" />
				</Linker>
			</Target>
			<Target title="cave-dbg">
				<Option output="bin/Debug/cave" prefix_auto="1" extension_auto="1" />
				<Option object_output="bin/obj/Debug" />
				<Option type="1" />
				<Option compiler="gcc" />
				<Option parameters="--repository /home/azael/develop/octetos/cave/tests-v0/mariadb.pkg --package muposys-full.mpk --user root --password 4dm1nK3y --database muposys-dev" />
				<Compiler>
					<Add option="pkg-config libconfig++ --cflags`" />
					<Add option="-DOCTEOTOS_CAVE_DRIVER_MMSQL" />
					<Add option="-DOCTEOTOS_CAVE_ENABLE_TDD_V1" />
				</Compiler>
				<Linker>
					<Add option="`pkg-config --libs libmariadb` pkg-config libconfig++ --libs`" />
					<Add library="cave-mmsql-1" />
					<Add directory="bin/Debug" />
				</Linker>
			</Target>
			<Target title="liboctetos-cave-mmsql-dbg">
				<Option output="bin/Debug/cave-mmsql-1" imp_lib="$(TARGET_OUTPUT_DIR)$(TARGET_OUTPUT_BASENAME).a" def_file="$(TARGET_OUTPUT_DIR)$(TARGET_OUTPUT_BASENAME).def" prefix_auto="1" extension_auto="1" />
				<Option object_output="bin/obj/Debug/" />
				<Option type="3" />
				<Option compiler="gcc" />
				<Option createDefFile="1" />
				<Option createStaticLib="1" />
				<Compiler>
					<Add option="-g -fPIC" />
					<Add option="-DOCTEOTOS_CAVE_DRIVER_MMSQL" />
				</Compiler>
				<Linker>
					<Add option="`pkg-config --libs libmariadb`" />
					<Add directory="../core/bin/Debug" />
				</Linker>
			</Target>
			<Target title="liboctetos-cave-mmsql">
				<Option output="bin/Release/cave-mmsql-1" imp_lib="$(TARGET_OUTPUT_DIR)$(TARGET_OUTPUT_BASENAME).a" def_file="$(TARGET_OUTPUT_DIR)$(TARGET_OUTPUT_BASENAME).def" prefix_auto="1" extension_auto="1" />
				<Option object_output="bin/obj/Release/" />
				<Option type="3" />
				<Option compiler="gcc" />
				<Compiler>
					<Add option="-O2 -fPIC" />
					<Add option="-DOCTEOTOS_CAVE_DRIVER_MMSQL" />
				</Compiler>
				<Linker>
					<Add option="`pkg-config --libs libmariadb`" />
					<Add directory="../core/bin/Debug" />
				</Linker>
			</Target>
			<Target title="cave-create-dbg">
				<Option output="bin/Debug/cave" prefix_auto="1" extension_auto="1" />
				<Option object_output="bin/obj/Debug" />
				<Option type="1" />
				<Option compiler="gcc" />
				<Option parameters="create database --user root --database muposysdev4 --password 4dm1nK3y " />
				<Compiler>
					<Add option="-DOCTEOTOS_CAVE_DRIVER_MMSQL" />
					<Add option="-DOCTEOTOS_CAVE_V1_TDD" />
				</Compiler>
				<Linker>
					<Add option="`pkg-config --libs libmariadb`" />
					<Add library="cave-mmsql-1" />
					<Add directory="bin/Debug" />
				</Linker>
			</Target>
			<Target title="cave-reposistory-dbg">
				<Option output="bin/Debug/cave" prefix_auto="1" extension_auto="1" />
				<Option object_output="bin/obj/Debug" />
				<Option type="1" />
				<Option compiler="gcc" />
				<Option parameters="repository /home/azael/develop/octetos/cave/tests/package" />
				<Compiler>
					<Add option="-DOCTEOTOS_CAVE_DRIVER_MMSQL" />
					<Add option="-DOCTEOTOS_CAVE_V1_TDD" />
				</Compiler>
				<Linker>
					<Add option="`pkg-config --libs libmariadb`" />
					<Add library="cave-mmsql-1" />
					<Add directory="bin/Debug" />
				</Linker>
			</Target>
			<Target title="cave-reposistory-create">
				<Option output="bin/Debug/cave" prefix_auto="1" extension_auto="1" />
				<Option object_output="bin/obj/Debug" />
				<Option type="1" />
				<Option compiler="gcc" />
				<Option parameters="repository import /home/azael/develop/octetos/cave/tests/package/muposys-1.ocpk" />
				<Compiler>
					<Add option="`pkg-config libconfig++ --cflags`" />
					<Add option="-DOCTEOTOS_CAVE_DRIVER_MMSQL" />
					<Add option="-DOCTEOTOS_CAVE_ENABLE_TDD_V1" />
					<Add option="-DOCTEOTOS_CAVE_V1_TDD" />
				</Compiler>
				<Linker>
					<Add option="`pkg-config --libs libmariadb` `pkg-config libconfig++ --libs`" />
					<Add library="cave-mmsql-1" />
					<Add directory="bin/Debug" />
				</Linker>
			</Target>
			<Target title="cave-reposistory-create-config">
				<Option output="bin/Debug/cave" prefix_auto="1" extension_auto="1" />
				<Option object_output="bin/obj/Debug" />
				<Option type="1" />
				<Option compiler="gcc" />
				<Option parameters="repository import /home/azael/develop/octetos/cave/tests/package/muposys-1.ocpk --update-config /home/azael/develop/octetos/cave/tests/config-dev" />
				<Compiler>
					<Add option="`pkg-config libconfig++ --cflags`" />
					<Add option="-DOCTEOTOS_CAVE_DRIVER_MMSQL" />
					<Add option="-DOCTEOTOS_CAVE_ENABLE_TDD_V1" />
					<Add option="-DOCTEOTOS_CAVE_V1_TDD" />
				</Compiler>
				<Linker>
					<Add option="`pkg-config --libs libmariadb` `pkg-config libconfig++ --libs`" />
					<Add library="cave-mmsql-1" />
					<Add directory="bin/Debug" />
				</Linker>
			</Target>
		</Build>
		<Compiler>
			<Add option="-Wall -pedantic -std=c++23 `pkg-config --cflags libmariadb`" />
			<Add directory="../../octetos" />
		</Compiler>
		<Unit filename="1/Program.cc" />
		<Unit filename="1/Program.hh" />
		<Unit filename="1/base.cc">
			<Option target="Debug" />
			<Option target="liboctetos-cave-mmsql-dbg" />
			<Option target="liboctetos-cave-mmsql" />
			<Option target="Release" />
			<Option target="testing-v1" />
		</Unit>
		<Unit filename="1/base.hh">
			<Option target="Debug" />
			<Option target="liboctetos-cave-mmsql-dbg" />
			<Option target="liboctetos-cave-mmsql" />
			<Option target="Release" />
			<Option target="testing-v1" />
		</Unit>
		<Unit filename="1/main-cave.cc">
			<Option target="cave-dbg" />
			<Option target="cave-create-dbg" />
			<Option target="cave-reposistory-dbg" />
			<Option target="cave-reposistory-create" />
			<Option target="cave-reposistory-create-config" />
		</Unit>
		<Unit filename="1/maria.hh">
			<Option target="Debug" />
			<Option target="Release" />
			<Option target="testing-v1" />
			<Option target="cave-dbg" />
			<Option target="liboctetos-cave-mmsql-dbg" />
			<Option target="liboctetos-cave-mmsql" />
		</Unit>
		<Unit filename="1/mmsql.cc">
			<Option target="Debug" />
			<Option target="Release" />
			<Option target="liboctetos-cave-mmsql-dbg" />
			<Option target="liboctetos-cave-mmsql" />
			<Option target="testing-v1" />
		</Unit>
		<Unit filename="1/mmsql.hh">
			<Option target="Debug" />
			<Option target="Release" />
			<Option target="liboctetos-cave-mmsql-dbg" />
			<Option target="liboctetos-cave-mmsql" />
			<Option target="testing-v1" />
		</Unit>
		<Unit filename="1/mysql.hh">
			<Option target="Debug" />
			<Option target="Release" />
			<Option target="testing-v1" />
			<Option target="cave-dbg" />
			<Option target="liboctetos-cave-mmsql-dbg" />
			<Option target="liboctetos-cave-mmsql" />
		</Unit>
		<Unit filename="tests/main.cc">
			<Option target="Debug" />
			<Option target="Release" />
			<Option target="testing-v1" />
		</Unit>
		<Unit filename="tests/v1-mmsql.cc">
			<Option target="Debug" />
			<Option target="Release" />
			<Option target="testing-v1" />
		</Unit>
		<Unit filename="tests/v1.cc">
			<Option target="Debug" />
			<Option target="Release" />
			<Option target="testing-v1" />
		</Unit>
		<Unit filename="tests/v1.hh">
			<Option target="Debug" />
			<Option target="Release" />
			<Option target="testing-v1" />
		</Unit>
		<Extensions>
			<lib_finder disable_auto="1">
				<lib name="libmariadb" />
			</lib_finder>
		</Extensions>
	</Project>
</CodeBlocks_project_file>
